
Microsoft Visual Studio Solution File, Format Version 12.00
Project("{FAE04EC0-301F-11D3-BF4B-00C04F79EFBC}") = "EventEmitter.NET1", "EventEmitter.NET.csproj", "{F69038EF-800D-47B1-A722-6C09FFE137F3}"
EndProject
Project("{FAE04EC0-301F-11D3-BF4B-00C04F79EFBC}") = "EventEmitter.NET.Tests", "EventEmitter.NET.Tests\EventEmitter.NET.Tests.csproj", "{9DFCF3E0-F76B-4EB0-9BC3-37AAECAD8395}"
EndProject
Global
	GlobalSection(SolutionConfigurationPlatforms) = preSolution
		Debug|Any CPU = Debug|Any CPU
		Release|Any CPU = Release|Any CPU
	EndGlobalSection
	GlobalSection(ProjectConfigurationPlatforms) = postSolution
		{F69038EF-800D-47B1-A722-6C09FFE137F3}.Debug|Any CPU.ActiveCfg = Debug|Any CPU
		{F69038EF-800D-47B1-A722-6C09FFE137F3}.Debug|Any CPU.Build.0 = Debug|Any CPU
		{F69038EF-800D-47B1-A722-6C09FFE137F3}.Release|Any CPU.ActiveCfg = Release|Any CPU
		{F69038EF-800D-47B1-A722-6C09FFE137F3}.Release|Any CPU.Build.0 = Release|Any CPU
		{9DFCF3E0-F76B-4EB0-9BC3-37AAECAD8395}.Debug|Any CPU.ActiveCfg = Debug|Any CPU
		{9DFCF3E0-F76B-4EB0-9BC3-37AAECAD8395}.Debug|Any CPU.Build.0 = Debug|Any CPU
		{9DFCF3E0-F76B-4EB0-9BC3-37AAECAD8395}.Release|Any CPU.ActiveCfg = Release|Any CPU
		{9DFCF3E0-F76B-4EB0-9BC3-37AAECAD8395}.Release|Any CPU.Build.0 = Release|Any CPU
	EndGlobalSection
EndGlobal
